
Microsoft Visual Studio Solution File, Format Version 12.00
# Visual Studio Version 17
VisualStudioVersion = 17.14.36221.1
MinimumVisualStudioVersion = 10.0.40219.1
Project("{FAE04EC0-301F-11D3-BF4B-00C04F79EFBC}") = "E-Commerce.API", "E-Commerce.API\E-Commerce.API.csproj", "{6550D679-9CF6-4947-943E-5C05E2F21CA7}"
EndProject
Project("{2150E333-8FDC-42A3-9474-1A3956D46DE8}") = "Core", "Core", "{02EA681E-C7D8-13C7-8484-4AC65E1B71E8}"
EndProject
Project("{FAE04EC0-301F-11D3-BF4B-00C04F79EFBC}") = "Domain", "Core\Domain\Domain.csproj", "{BDDADE24-F03A-456F-9E4D-7DB6141A18B3}"
EndProject
Project("{FAE04EC0-301F-11D3-BF4B-00C04F79EFBC}") = "Services", "Core\Services\Services.csproj", "{1825AE32-70FB-48FF-B649-E8F7C2AC01B1}"
EndProject
Project("{FAE04EC0-301F-11D3-BF4B-00C04F79EFBC}") = "Services.Abstraction", "Core\Services.Abstraction\Services.Abstraction.csproj", "{70440F04-0780-4A7B-A5F4-6D891402DAB6}"
EndProject
Project("{2150E333-8FDC-42A3-9474-1A3956D46DE8}") = "Infrastructure", "Infrastructure", "{FE82863C-3655-46E0-9721-80E345676FA8}"
EndProject
Project("{FAE04EC0-301F-11D3-BF4B-00C04F79EFBC}") = "Persistence", "Infrastructure\Presistence\Persistence.csproj", "{EBDC8619-857C-4F78-9EC6-704E3F183C90}"
EndProject
Project("{FAE04EC0-301F-11D3-BF4B-00C04F79EFBC}") = "Shared", "Shared\Shared.csproj", "{31EAB2B4-F290-4B7F-A45F-A2A40193AD10}"
EndProject
Project("{FAE04EC0-301F-11D3-BF4B-00C04F79EFBC}") = "Presentation", "Infrastructure\Presentation\Presentation.csproj", "{030BF627-B1EE-40BC-9029-B7F35FD96302}"
EndProject
Global
	GlobalSection(SolutionConfigurationPlatforms) = preSolution
		Debug|Any CPU = Debug|Any CPU
		Release|Any CPU = Release|Any CPU
	EndGlobalSection
	GlobalSection(ProjectConfigurationPlatforms) = postSolution
		{6550D679-9CF6-4947-943E-5C05E2F21CA7}.Debug|Any CPU.ActiveCfg = Debug|Any CPU
		{6550D679-9CF6-4947-943E-5C05E2F21CA7}.Debug|Any CPU.Build.0 = Debug|Any CPU
		{6550D679-9CF6-4947-943E-5C05E2F21CA7}.Release|Any CPU.ActiveCfg = Release|Any CPU
		{6550D679-9CF6-4947-943E-5C05E2F21CA7}.Release|Any CPU.Build.0 = Release|Any CPU
		{BDDADE24-F03A-456F-9E4D-7DB6141A18B3}.Debug|Any CPU.ActiveCfg = Debug|Any CPU
		{BDDADE24-F03A-456F-9E4D-7DB6141A18B3}.Debug|Any CPU.Build.0 = Debug|Any CPU
		{BDDADE24-F03A-456F-9E4D-7DB6141A18B3}.Release|Any CPU.ActiveCfg = Release|Any CPU
		{BDDADE24-F03A-456F-9E4D-7DB6141A18B3}.Release|Any CPU.Build.0 = Release|Any CPU
		{1825AE32-70FB-48FF-B649-E8F7C2AC01B1}.Debug|Any CPU.ActiveCfg = Debug|Any CPU
		{1825AE32-70FB-48FF-B649-E8F7C2AC01B1}.Debug|Any CPU.Build.0 = Debug|Any CPU
		{1825AE32-70FB-48FF-B649-E8F7C2AC01B1}.Release|Any CPU.ActiveCfg = Release|Any CPU
		{1825AE32-70FB-48FF-B649-E8F7C2AC01B1}.Release|Any CPU.Build.0 = Release|Any CPU
		{70440F04-0780-4A7B-A5F4-6D891402DAB6}.Debug|Any CPU.ActiveCfg = Debug|Any CPU
		{70440F04-0780-4A7B-A5F4-6D891402DAB6}.Debug|Any CPU.Build.0 = Debug|Any CPU
		{70440F04-0780-4A7B-A5F4-6D891402DAB6}.Release|Any CPU.ActiveCfg = Release|Any CPU
		{70440F04-0780-4A7B-A5F4-6D891402DAB6}.Release|Any CPU.Build.0 = Release|Any CPU
		{EBDC8619-857C-4F78-9EC6-704E3F183C90}.Debug|Any CPU.ActiveCfg = Debug|Any CPU
		{EBDC8619-857C-4F78-9EC6-704E3F183C90}.Debug|Any CPU.Build.0 = Debug|Any CPU
		{EBDC8619-857C-4F78-9EC6-704E3F183C90}.Release|Any CPU.ActiveCfg = Release|Any CPU
		{EBDC8619-857C-4F78-9EC6-704E3F183C90}.Release|Any CPU.Build.0 = Release|Any CPU
		{31EAB2B4-F290-4B7F-A45F-A2A40193AD10}.Debug|Any CPU.ActiveCfg = Debug|Any CPU
		{31EAB2B4-F290-4B7F-A45F-A2A40193AD10}.Debug|Any CPU.Build.0 = Debug|Any CPU
		{31EAB2B4-F290-4B7F-A45F-A2A40193AD10}.Release|Any CPU.ActiveCfg = Release|Any CPU
		{31EAB2B4-F290-4B7F-A45F-A2A40193AD10}.Release|Any CPU.Build.0 = Release|Any CPU
		{030BF627-B1EE-40BC-9029-B7F35FD96302}.Debug|Any CPU.ActiveCfg = Debug|Any CPU
		{030BF627-B1EE-40BC-9029-B7F35FD96302}.Debug|Any CPU.Build.0 = Debug|Any CPU
		{030BF627-B1EE-40BC-9029-B7F35FD96302}.Release|Any CPU.ActiveCfg = Release|Any CPU
		{030BF627-B1EE-40BC-9029-B7F35FD96302}.Release|Any CPU.Build.0 = Release|Any CPU
	EndGlobalSection
	GlobalSection(SolutionProperties) = preSolution
		HideSolutionNode = FALSE
	EndGlobalSection
	GlobalSection(NestedProjects) = preSolution
		{BDDADE24-F03A-456F-9E4D-7DB6141A18B3} = {02EA681E-C7D8-13C7-8484-4AC65E1B71E8}
		{1825AE32-70FB-48FF-B649-E8F7C2AC01B1} = {02EA681E-C7D8-13C7-8484-4AC65E1B71E8}
		{70440F04-0780-4A7B-A5F4-6D891402DAB6} = {02EA681E-C7D8-13C7-8484-4AC65E1B71E8}
		{EBDC8619-857C-4F78-9EC6-704E3F183C90} = {FE82863C-3655-46E0-9721-80E345676FA8}
		{030BF627-B1EE-40BC-9029-B7F35FD96302} = {FE82863C-3655-46E0-9721-80E345676FA8}
	EndGlobalSection
	GlobalSection(ExtensibilityGlobals) = postSolution
		SolutionGuid = {DC9036AC-478F-434C-B5A2-90DA4102DE91}
	EndGlobalSection
EndGlobal
